// !$*UTF8*$!
{
	archiveVersion = 1;
	classes = {
	};
	objectVersion = 46;
	objects = {

/* Begin PBXBuildFile section */
		2C53287A1DF1224700AB6869 /* AppDelegate.swift in Sources */ = {isa = PBXBuildFile; fileRef = 2C5328791DF1224700AB6869 /* AppDelegate.swift */; };
		2C53287C1DF1224700AB6869 /* ViewController.swift in Sources */ = {isa = PBXBuildFile; fileRef = 2C53287B1DF1224700AB6869 /* ViewController.swift */; };
		2C53287F1DF1224700AB6869 /* Main.storyboard in Resources */ = {isa = PBXBuildFile; fileRef = 2C53287D1DF1224700AB6869 /* Main.storyboard */; };
		2C5328811DF1224700AB6869 /* Assets.xcassets in Resources */ = {isa = PBXBuildFile; fileRef = 2C5328801DF1224700AB6869 /* Assets.xcassets */; };
		2C5328841DF1224700AB6869 /* LaunchScreen.storyboard in Resources */ = {isa = PBXBuildFile; fileRef = 2C5328821DF1224700AB6869 /* LaunchScreen.storyboard */; };
		2C53288F1DF1224700AB6869 /* GHColorExTests.swift in Sources */ = {isa = PBXBuildFile; fileRef = 2C53288E1DF1224700AB6869 /* GHColorExTests.swift */; };
		2C53289A1DF1224700AB6869 /* GHColorExUITests.swift in Sources */ = {isa = PBXBuildFile; fileRef = 2C5328991DF1224700AB6869 /* GHColorExUITests.swift */; };
		2C5328A81DF1224D00AB6869 /* GHColorEx.swift in Sources */ = {isa = PBXBuildFile; fileRef = 2C5328A71DF1224D00AB6869 /* GHColorEx.swift */; };
/* End PBXBuildFile section */

/* Begin PBXContainerItemProxy section */
		2C53288B1DF1224700AB6869 /* PBXContainerItemProxy */ = {
			isa = PBXContainerItemProxy;
			containerPortal = 2C53286E1DF1224700AB6869 /* Project object */;
			proxyType = 1;
			remoteGlobalIDString = 2C5328751DF1224700AB6869;
			remoteInfo = GHColorEx;
		};
		2C5328961DF1224700AB6869 /* PBXContainerItemProxy */ = {
			isa = PBXContainerItemProxy;
			containerPortal = 2C53286E1DF1224700AB6869 /* Project object */;
			proxyType = 1;
			remoteGlobalIDString = 2C5328751DF1224700AB6869;
			remoteInfo = GHColorEx;
		};
/* End PBXContainerItemProxy section */

/* Begin PBXFileReference section */
		2C5328761DF1224700AB6869 /* GHColorEx.app */ = {isa = PBXFileReference; explicitFileType = wrapper.application; includeInIndex = 0; path = GHColorEx.app; sourceTree = BUILT_PRODUCTS_DIR; };
		2C5328791DF1224700AB6869 /* AppDelegate.swift */ = {isa = PBXFileReference; lastKnownFileType = sourcecode.swift; path = AppDelegate.swift; sourceTree = "<group>"; };
		2C53287B1DF1224700AB6869 /* ViewController.swift */ = {isa = PBXFileReference; lastKnownFileType = sourcecode.swift; path = ViewController.swift; sourceTree = "<group>"; };
		2C53287E1DF1224700AB6869 /* Base */ = {isa = PBXFileReference; lastKnownFileType = file.storyboard; name = Base; path = Base.lproj/Main.storyboard; sourceTree = "<group>"; };
		2C5328801DF1224700AB6869 /* Assets.xcassets */ = {isa = PBXFileReference; lastKnownFileType = folder.assetcatalog; path = Assets.xcassets; sourceTree = "<group>"; };
		2C5328831DF1224700AB6869 /* Base */ = {isa = PBXFileReference; lastKnownFileType = file.storyboard; name = Base; path = Base.lproj/LaunchScreen.storyboard; sourceTree = "<group>"; };
		2C5328851DF1224700AB6869 /* Info.plist */ = {isa = PBXFileReference; lastKnownFileType = text.plist.xml; path = Info.plist; sourceTree = "<group>"; };
		2C53288A1DF1224700AB6869 /* GHColorExTests.xctest */ = {isa = PBXFileReference; explicitFileType = wrapper.cfbundle; includeInIndex = 0; path = GHColorExTests.xctest; sourceTree = BUILT_PRODUCTS_DIR; };
		2C53288E1DF1224700AB6869 /* GHColorExTests.swift */ = {isa = PBXFileReference; lastKnownFileType = sourcecode.swift; path = GHColorExTests.swift; sourceTree = "<group>"; };
		2C5328901DF1224700AB6869 /* Info.plist */ = {isa = PBXFileReference; lastKnownFileType = text.plist.xml; path = Info.plist; sourceTree = "<group>"; };
		2C5328951DF1224700AB6869 /* GHColorExUITests.xctest */ = {isa = PBXFileReference; explicitFileType = wrapper.cfbundle; includeInIndex = 0; path = GHColorExUITests.xctest; sourceTree = BUILT_PRODUCTS_DIR; };
		2C5328991DF1224700AB6869 /* GHColorExUITests.swift */ = {isa = PBXFileReference; lastKnownFileType = sourcecode.swift; path = GHColorExUITests.swift; sourceTree = "<group>"; };
		2C53289B1DF1224700AB6869 /* Info.plist */ = {isa = PBXFileReference; lastKnownFileType = text.plist.xml; path = Info.plist; sourceTree = "<group>"; };
		2C5328A71DF1224D00AB6869 /* GHColorEx.swift */ = {isa = PBXFileReference; fileEncoding = 4; lastKnownFileType = sourcecode.swift; path = GHColorEx.swift; sourceTree = "<group>"; };
/* End PBXFileReference section */

/* Begin PBXFrameworksBuildPhase section */
		2C5328731DF1224700AB6869 /* Frameworks */ = {
			isa = PBXFrameworksBuildPhase;
			buildActionMask = 2147483647;
			files = (
			);
			runOnlyForDeploymentPostprocessing = 0;
		};
		2C5328871DF1224700AB6869 /* Frameworks */ = {
			isa = PBXFrameworksBuildPhase;
			buildActionMask = 2147483647;
			files = (
			);
			runOnlyForDeploymentPostprocessing = 0;
		};
		2C5328921DF1224700AB6869 /* Frameworks */ = {
			isa = PBXFrameworksBuildPhase;
			buildActionMask = 2147483647;
			files = (
			);
			runOnlyForDeploymentPostprocessing = 0;
		};
/* End PBXFrameworksBuildPhase section */

/* Begin PBXGroup section */
		2C53286D1DF1224700AB6869 = {
			isa = PBXGroup;
			children = (
				2C5328781DF1224700AB6869 /* GHColorEx */,
				2C53288D1DF1224700AB6869 /* GHColorExTests */,
				2C5328981DF1224700AB6869 /* GHColorExUITests */,
				2C5328771DF1224700AB6869 /* Products */,
			);
			sourceTree = "<group>";
		};
		2C5328771DF1224700AB6869 /* Products */ = {
			isa = PBXGroup;
			children = (
				2C5328761DF1224700AB6869 /* GHColorEx.app */,
				2C53288A1DF1224700AB6869 /* GHColorExTests.xctest */,
				2C5328951DF1224700AB6869 /* GHColorExUITests.xctest */,
			);
			name = Products;
			sourceTree = "<group>";
		};
		2C5328781DF1224700AB6869 /* GHColorEx */ = {
			isa = PBXGroup;
			children = (
				2C5328791DF1224700AB6869 /* AppDelegate.swift */,
				2C53287B1DF1224700AB6869 /* ViewController.swift */,
				2C5328A71DF1224D00AB6869 /* GHColorEx.swift */,
				2C53287D1DF1224700AB6869 /* Main.storyboard */,
				2C5328801DF1224700AB6869 /* Assets.xcassets */,
				2C5328821DF1224700AB6869 /* LaunchScreen.storyboard */,
				2C5328851DF1224700AB6869 /* Info.plist */,
			);
			path = GHColorEx;
			sourceTree = "<group>";
		};
		2C53288D1DF1224700AB6869 /* GHColorExTests */ = {
			isa = PBXGroup;
			children = (
				2C53288E1DF1224700AB6869 /* GHColorExTests.swift */,
				2C5328901DF1224700AB6869 /* Info.plist */,
			);
			path = GHColorExTests;
			sourceTree = "<group>";
		};
		2C5328981DF1224700AB6869 /* GHColorExUITests */ = {
			isa = PBXGroup;
			children = (
				2C5328991DF1224700AB6869 /* GHColorExUITests.swift */,
				2C53289B1DF1224700AB6869 /* Info.plist */,
			);
			path = GHColorExUITests;
			sourceTree = "<group>";
		};
/* End PBXGroup section */

/* Begin PBXNativeTarget section */
		2C5328751DF1224700AB6869 /* GHColorEx */ = {
			isa = PBXNativeTarget;
			buildConfigurationList = 2C53289E1DF1224700AB6869 /* Build configuration list for PBXNativeTarget "GHColorEx" */;
			buildPhases = (
				2C5328721DF1224700AB6869 /* Sources */,
				2C5328731DF1224700AB6869 /* Frameworks */,
				2C5328741DF1224700AB6869 /* Resources */,
			);
			buildRules = (
			);
			dependencies = (
			);
			name = GHColorEx;
			productName = GHColorEx;
			productReference = 2C5328761DF1224700AB6869 /* GHColorEx.app */;
			productType = "com.apple.product-type.application";
		};
		2C5328891DF1224700AB6869 /* GHColorExTests */ = {
			isa = PBXNativeTarget;
			buildConfigurationList = 2C5328A11DF1224700AB6869 /* Build configuration list for PBXNativeTarget "GHColorExTests" */;
			buildPhases = (
				2C5328861DF1224700AB6869 /* Sources */,
				2C5328871DF1224700AB6869 /* Frameworks */,
				2C5328881DF1224700AB6869 /* Resources */,
			);
			buildRules = (
			);
			dependencies = (
				2C53288C1DF1224700AB6869 /* PBXTargetDependency */,
			);
			name = GHColorExTests;
			productName = GHColorExTests;
			productReference = 2C53288A1DF1224700AB6869 /* GHColorExTests.xctest */;
			productType = "com.apple.product-type.bundle.unit-test";
		};
		2C5328941DF1224700AB6869 /* GHColorExUITests */ = {
			isa = PBXNativeTarget;
			buildConfigurationList = 2C5328A41DF1224700AB6869 /* Build configuration list for PBXNativeTarget "GHColorExUITests" */;
			buildPhases = (
				2C5328911DF1224700AB6869 /* Sources */,
				2C5328921DF1224700AB6869 /* Frameworks */,
				2C5328931DF1224700AB6869 /* Resources */,
			);
			buildRules = (
			);
			dependencies = (
				2C5328971DF1224700AB6869 /* PBXTargetDependency */,
			);
			name = GHColorExUITests;
			productName = GHColorExUITests;
			productReference = 2C5328951DF1224700AB6869 /* GHColorExUITests.xctest */;
			productType = "com.apple.product-type.bundle.ui-testing";
		};
/* End PBXNativeTarget section */

/* Begin PBXProject section */
		2C53286E1DF1224700AB6869 /* Project object */ = {
			isa = PBXProject;
			attributes = {
				LastSwiftUpdateCheck = 0810;
				LastUpgradeCheck = 0810;
				ORGANIZATIONNAME = killer;
				TargetAttributes = {
					2C5328751DF1224700AB6869 = {
						CreatedOnToolsVersion = 8.1;
						ProvisioningStyle = Automatic;
					};
					2C5328891DF1224700AB6869 = {
						CreatedOnToolsVersion = 8.1;
						ProvisioningStyle = Automatic;
						TestTargetID = 2C5328751DF1224700AB6869;
					};
					2C5328941DF1224700AB6869 = {
						CreatedOnToolsVersion = 8.1;
						ProvisioningStyle = Automatic;
						TestTargetID = 2C5328751DF1224700AB6869;
					};
				};
			};
			buildConfigurationList = 2C5328711DF1224700AB6869 /* Build configuration list for PBXProject "GHColorEx" */;
			compatibilityVersion = "Xcode 3.2";
			developmentRegion = English;
			hasScannedForEncodings = 0;
			knownRegions = (
				en,
				Base,
			);
			mainGroup = 2C53286D1DF1224700AB6869;
			productRefGroup = 2C5328771DF1224700AB6869 /* Products */;
			projectDirPath = "";
			projectRoot = "";
			targets = (
				2C5328751DF1224700AB6869 /* GHColorEx */,
				2C5328891DF1224700AB6869 /* GHColorExTests */,
				2C5328941DF1224700AB6869 /* GHColorExUITests */,
			);
		};
/* End PBXProject section */

/* Begin PBXResourcesBuildPhase section */
		2C5328741DF1224700AB6869 /* Resources */ = {
			isa = PBXResourcesBuildPhase;
			buildActionMask = 2147483647;
			files = (
				2C5328841DF1224700AB6869 /* LaunchScreen.storyboard in Resources */,
				2C5328811DF1224700AB6869 /* Assets.xcassets in Resources */,
				2C53287F1DF1224700AB6869 /* Main.storyboard in Resources */,
			);
			runOnlyForDeploymentPostprocessing = 0;
		};
		2C5328881DF1224700AB6869 /* Resources */ = {
			isa = PBXResourcesBuildPhase;
			buildActionMask = 2147483647;
			files = (
			);
			runOnlyForDeploymentPostprocessing = 0;
		};
		2C5328931DF1224700AB6869 /* Resources */ = {
			isa = PBXResourcesBuildPhase;
			buildActionMask = 2147483647;
			files = (
			);
			runOnlyForDeploymentPostprocessing = 0;
		};
/* End PBXResourcesBuildPhase section */

/* Begin PBXSourcesBuildPhase section */
		2C5328721DF1224700AB6869 /* Sources */ = {
			isa = PBXSourcesBuildPhase;
			buildActionMask = 2147483647;
			files = (
				2C53287C1DF1224700AB6869 /* ViewController.swift in Sources */,
				2C5328A81DF1224D00AB6869 /* GHColorEx.swift in Sources */,
				2C53287A1DF1224700AB6869 /* AppDelegate.swift in Sources */,
			);
			runOnlyForDeploymentPostprocessing = 0;
		};
		2C5328861DF1224700AB6869 /* Sources */ = {
			isa = PBXSourcesBuildPhase;
			buildActionMask = 2147483647;
			files = (
				2C53288F1DF1224700AB6869 /* GHColorExTests.swift in Sources */,
			);
			runOnlyForDeploymentPostprocessing = 0;
		};
		2C5328911DF1224700AB6869 /* Sources */ = {
			isa = PBXSourcesBuildPhase;
			buildActionMask = 2147483647;
			files = (
				2C53289A1DF1224700AB6869 /* GHColorExUITests.swift in Sources */,
			);
			runOnlyForDeploymentPostprocessing = 0;
		};
/* End PBXSourcesBuildPhase section */

/* Begin PBXTargetDependency section */
		2C53288C1DF1224700AB6869 /* PBXTargetDependency */ = {
			isa = PBXTargetDependency;
			target = 2C5328751DF1224700AB6869 /* GHColorEx */;
			targetProxy = 2C53288B1DF1224700AB6869 /* PBXContainerItemProxy */;
		};
		2C5328971DF1224700AB6869 /* PBXTargetDependency */ = {
			isa = PBXTargetDependency;
			target = 2C5328751DF1224700AB6869 /* GHColorEx */;
			targetProxy = 2C5328961DF1224700AB6869 /* PBXContainerItemProxy */;
		};
/* End PBXTargetDependency section */

/* Begin PBXVariantGroup section */
		2C53287D1DF1224700AB6869 /* Main.storyboard */ = {
			isa = PBXVariantGroup;
			children = (
				2C53287E1DF1224700AB6869 /* Base */,
			);
			name = Main.storyboard;
			sourceTree = "<group>";
		};
		2C5328821DF1224700AB6869 /* LaunchScreen.storyboard */ = {
			isa = PBXVariantGroup;
			children = (
				2C5328831DF1224700AB6869 /* Base */,
			);
			name = LaunchScreen.storyboard;
			sourceTree = "<group>";
		};
/* End PBXVariantGroup section */

/* Begin XCBuildConfiguration section */
		2C53289C1DF1224700AB6869 /* Debug */ = {
			isa = XCBuildConfiguration;
			buildSettings = {
				ALWAYS_SEARCH_USER_PATHS = NO;
				CLANG_ANALYZER_NONNULL = YES;
				CLANG_CXX_LANGUAGE_STANDARD = "gnu++0x";
				CLANG_CXX_LIBRARY = "libc++";
				CLANG_ENABLE_MODULES = YES;
				CLANG_ENABLE_OBJC_ARC = YES;
				CLANG_WARN_BOOL_CONVERSION = YES;
				CLANG_WARN_CONSTANT_CONVERSION = YES;
				CLANG_WARN_DIRECT_OBJC_ISA_USAGE = YES_ERROR;
				CLANG_WARN_DOCUMENTATION_COMMENTS = YES;
				CLANG_WARN_EMPTY_BODY = YES;
				CLANG_WARN_ENUM_CONVERSION = YES;
				CLANG_WARN_INFINITE_RECURSION = YES;
				CLANG_WARN_INT_CONVERSION = YES;
				CLANG_WARN_OBJC_ROOT_CLASS = YES_ERROR;
				CLANG_WARN_SUSPICIOUS_MOVES = YES;
				CLANG_WARN_UNREACHABLE_CODE = YES;
				CLANG_WARN__DUPLICATE_METHOD_MATCH = YES;
				"CODE_SIGN_IDENTITY[sdk=iphoneos*]" = "iPhone Developer";
				COPY_PHASE_STRIP = NO;
				DEBUG_INFORMATION_FORMAT = dwarf;
				ENABLE_STRICT_OBJC_MSGSEND = YES;
				ENABLE_TESTABILITY = YES;
				GCC_C_LANGUAGE_STANDARD = gnu99;
				GCC_DYNAMIC_NO_PIC = NO;
				GCC_NO_COMMON_BLOCKS = YES;
				GCC_OPTIMIZATION_LEVEL = 0;
				GCC_PREPROCESSOR_DEFINITIONS = (
					"DEBUG=1",
					"$(inherited)",
				);
				GCC_WARN_64_TO_32_BIT_CONVERSION = YES;
				GCC_WARN_ABOUT_RETURN_TYPE = YES_ERROR;
				GCC_WARN_UNDECLARED_SELECTOR = YES;
				GCC_WARN_UNINITIALIZED_AUTOS = YES_AGGRESSIVE;
				GCC_WARN_UNUSED_FUNCTION = YES;
				GCC_WARN_UNUSED_VARIABLE = YES;
				IPHONEOS_DEPLOYMENT_TARGET = 10.1;
				MTL_ENABLE_DEBUG_INFO = YES;
				ONLY_ACTIVE_ARCH = YES;
				SDKROOT = iphoneos;
				SWIFT_ACTIVE_COMPILATION_CONDITIONS = DEBUG;
				SWIFT_OPTIMIZATION_LEVEL = "-Onone";
				TARGETED_DEVICE_FAMILY = "1,2";
			};
			name = Debug;
		};
		2C53289D1DF1224700AB6869 /* Release */ = {
			isa = XCBuildConfiguration;
			buildSettings = {
				ALWAYS_SEARCH_USER_PATHS = NO;
				CLANG_ANALYZER_NONNULL = YES;
				CLANG_CXX_LANGUAGE_STANDARD = "gnu++0x";
				CLANG_CXX_LIBRARY = "libc++";
				CLANG_ENABLE_MODULES = YES;
				CLANG_ENABLE_OBJC_ARC = YES;
				CLANG_WARN_BOOL_CONVERSION = YES;
				CLANG_WARN_CONSTANT_CONVERSION = YES;
				CLANG_WARN_DIRECT_OBJC_ISA_USAGE = YES_ERROR;
				CLANG_WARN_DOCUMENTATION_COMMENTS = YES;
				CLANG_WARN_EMPTY_BODY = YES;
				CLANG_WARN_ENUM_CONVERSION = YES;
				CLANG_WARN_INFINITE_RECURSION = YES;
				CLANG_WARN_INT_CONVERSION = YES;
				CLANG_WARN_OBJC_ROOT_CLASS = YES_ERROR;
				CLANG_WARN_SUSPICIOUS_MOVES = YES;
				CLANG_WARN_UNREACHABLE_CODE = YES;
				CLANG_WARN__DUPLICATE_METHOD_MATCH = YES;
				"CODE_SIGN_IDENTITY[sdk=iphoneos*]" = "iPhone Developer";
				COPY_PHASE_STRIP = NO;
				DEBUG_INFORMATION_FORMAT = "dwarf-with-dsym";
				ENABLE_NS_ASSERTIONS = NO;
				ENABLE_STRICT_OBJC_MSGSEND = YES;
				GCC_C_LANGUAGE_STANDARD = gnu99;
				GCC_NO_COMMON_BLOCKS = YES;
				GCC_WARN_64_TO_32_BIT_CONVERSION = YES;
				GCC_WARN_ABOUT_RETURN_TYPE = YES_ERROR;
				GCC_WARN_UNDECLARED_SELECTOR = YES;
				GCC_WARN_UNINITIALIZED_AUTOS = YES_AGGRESSIVE;
				GCC_WARN_UNUSED_FUNCTION = YES;
				GCC_WARN_UNUSED_VARIABLE = YES;
				IPHONEOS_DEPLOYMENT_TARGET = 10.1;
				MTL_ENABLE_DEBUG_INFO = NO;
				SDKROOT = iphoneos;
				SWIFT_OPTIMIZATION_LEVEL = "-Owholemodule";
				TARGETED_DEVICE_FAMILY = "1,2";
				VALIDATE_PRODUCT = YES;
			};
			name = Release;
		};
		2C53289F1DF1224700AB6869 /* Debug */ = {
			isa = XCBuildConfiguration;
			buildSettings = {
				ASSETCATALOG_COMPILER_APPICON_NAME = AppIcon;
				INFOPLIST_FILE = GHColorEx/Info.plist;
				LD_RUNPATH_SEARCH_PATHS = "$(inherited) @executable_path/Frameworks";
				PRODUCT_BUNDLE_IDENTIFIER = com.killer.abc.GHColorEx;
				PRODUCT_NAME = "$(TARGET_NAME)";
				SWIFT_VERSION = 3.0;
			};
			name = Debug;
		};
		2C5328A01DF1224700AB6869 /* Release */ = {
			isa = XCBuildConfiguration;
			buildSettings = {
				ASSETCATALOG_COMPILER_APPICON_NAME = AppIcon;
				INFOPLIST_FILE = GHColorEx/Info.plist;
				LD_RUNPATH_SEARCH_PATHS = "$(inherited) @executable_path/Frameworks";
				PRODUCT_BUNDLE_IDENTIFIER = com.killer.abc.GHColorEx;
				PRODUCT_NAME = "$(TARGET_NAME)";
				SWIFT_VERSION = 3.0;
			};
			name = Release;
		};
		2C5328A21DF1224700AB6869 /* Debug */ = {
			isa = XCBuildConfiguration;
			buildSettings = {
				ALWAYS_EMBED_SWIFT_STANDARD_LIBRARIES = YES;
				BUNDLE_LOADER = "$(TEST_HOST)";
				INFOPLIST_FILE = GHColorExTests/Info.plist;
				LD_RUNPATH_SEARCH_PATHS = "$(inherited) @executable_path/Frameworks @loader_path/Frameworks";
				PRODUCT_BUNDLE_IDENTIFIER = com.killer.abc.GHColorExTests;
				PRODUCT_NAME = "$(TARGET_NAME)";
				SWIFT_VERSION = 3.0;
				TEST_HOST = "$(BUILT_PRODUCTS_DIR)/GHColorEx.app/GHColorEx";
			};
			name = Debug;
		};
		2C5328A31DF1224700AB6869 /* Release */ = {
			isa = XCBuildConfiguration;
			buildSettings = {
				ALWAYS_EMBED_SWIFT_STANDARD_LIBRARIES = YES;
				BUNDLE_LOADER = "$(TEST_HOST)";
				INFOPLIST_FILE = GHColorExTests/Info.plist;
				LD_RUNPATH_SEARCH_PATHS = "$(inherited) @executable_path/Frameworks @loader_path/Frameworks";
				PRODUCT_BUNDLE_IDENTIFIER = com.killer.abc.GHColorExTests;
				PRODUCT_NAME = "$(TARGET_NAME)";
				SWIFT_VERSION = 3.0;
				TEST_HOST = "$(BUILT_PRODUCTS_DIR)/GHColorEx.app/GHColorEx";
			};
			name = Release;
		};
		2C5328A51DF1224700AB6869 /* Debug */ = {
			isa = XCBuildConfiguration;
			buildSettings = {
				ALWAYS_EMBED_SWIFT_STANDARD_LIBRARIES = YES;
				INFOPLIST_FILE = GHColorExUITests/Info.plist;
				LD_RUNPATH_SEARCH_PATHS = "$(inherited) @executable_path/Frameworks @loader_path/Frameworks";
				PRODUCT_BUNDLE_IDENTIFIER = com.killer.abc.GHColorExUITests;
				PRODUCT_NAME = "$(TARGET_NAME)";
				SWIFT_VERSION = 3.0;
				TEST_TARGET_NAME = GHColorEx;
			};
			name = Debug;
		};
		2C5328A61DF1224700AB6869 /* Release */ = {
			isa = XCBuildConfiguration;
			buildSettings = {
				ALWAYS_EMBED_SWIFT_STANDARD_LIBRARIES = YES;
				INFOPLIST_FILE = GHColorExUITests/Info.plist;
				LD_RUNPATH_SEARCH_PATHS = "$(inherited) @executable_path/Frameworks @loader_path/Frameworks";
				PRODUCT_BUNDLE_IDENTIFIER = com.killer.abc.GHColorExUITests;
				PRODUCT_NAME = "$(TARGET_NAME)";
				SWIFT_VERSION = 3.0;
				TEST_TARGET_NAME = GHColorEx;
			};
			name = Release;
		};
/* End XCBuildConfiguration section */

/* Begin XCConfigurationList section */
		2C5328711DF1224700AB6869 /* Build configuration list for PBXProject "GHColorEx" */ = {
			isa = XCConfigurationList;
			buildConfigurations = (
				2C53289C1DF1224700AB6869 /* Debug */,
				2C53289D1DF1224700AB6869 /* Release */,
			);
			defaultConfigurationIsVisible = 0;
			defaultConfigurationName = Release;
		};
		2C53289E1DF1224700AB6869 /* Build configuration list for PBXNativeTarget "GHColorEx" */ = {
			isa = XCConfigurationList;
			buildConfigurations = (
				2C53289F1DF1224700AB6869 /* Debug */,
				2C5328A01DF1224700AB6869 /* Release */,
			);
			defaultConfigurationIsVisible = 0;
		};
		2C5328A11DF1224700AB6869 /* Build configuration list for PBXNativeTarget "GHColorExTests" */ = {
			isa = XCConfigurationList;
			buildConfigurations = (
				2C5328A21DF1224700AB6869 /* Debug */,
				2C5328A31DF1224700AB6869 /* Release */,
			);
			defaultConfigurationIsVisible = 0;
		};
		2C5328A41DF1224700AB6869 /* Build configuration list for PBXNativeTarget "GHColorExUITests" */ = {
			isa = XCConfigurationList;
			buildConfigurations = (
				2C5328A51DF1224700AB6869 /* Debug */,
				2C5328A61DF1224700AB6869 /* Release */,
			);
			defaultConfigurationIsVisible = 0;
		};
/* End XCConfigurationList section */
	};
	rootObject = 2C53286E1DF1224700AB6869 /* Project object */;
}
